{
    "version": 3,
    "terraform_version": "0.11.10",
    "serial": 2,
    "lineage": "99612f9c-9b5b-09d8-cf8e-cb7c4a237b03",
    "modules": [
        {
            "path": [
                "root"
            ],
            "outputs": {},
            "resources": {
                "aws_instance.test-instance": {
                    "type": "aws_instance",
                    "depends_on": [],
                    "primary": {
                        "id": "i-0962b895b91f8fba8",
                        "attributes": {
                            "ami": "ami-013be31976ca2c322",
                            "arn": "arn:aws:ec2:us-east-1:575100951576:instance/i-0962b895b91f8fba8",
                            "associate_public_ip_address": "true",
                            "availability_zone": "us-east-1a",
                            "cpu_core_count": "1",
                            "cpu_threads_per_core": "1",
                            "credit_specification.#": "1",
                            "credit_specification.0.cpu_credits": "standard",
                            "disable_api_termination": "false",
                            "ebs_block_device.#": "0",
                            "ebs_optimized": "false",
                            "ephemeral_block_device.#": "0",
                            "get_password_data": "false",
                            "iam_instance_profile": "",
                            "id": "i-0962b895b91f8fba8",
                            "instance_state": "running",
                            "instance_type": "t2.micro",
                            "ipv6_addresses.#": "0",
                            "key_name": "",
                            "monitoring": "false",
                            "network_interface.#": "0",
                            "network_interface_id": "eni-0d904b4740be1cded",
                            "password_data": "",
                            "placement_group": "",
                            "primary_network_interface_id": "eni-0d904b4740be1cded",
                            "private_dns": "ip-172-31-91-101.ec2.internal",
                            "private_ip": "172.31.91.101",
                            "public_dns": "ec2-52-205-250-228.compute-1.amazonaws.com",
                            "public_ip": "52.205.250.228",
                            "root_block_device.#": "1",
                            "root_block_device.0.delete_on_termination": "true",
                            "root_block_device.0.iops": "100",
                            "root_block_device.0.volume_id": "vol-0c06d67e64fc55fd4",
                            "root_block_device.0.volume_size": "8",
                            "root_block_device.0.volume_type": "gp2",
                            "security_groups.#": "1",
                            "security_groups.3814588639": "default",
                            "source_dest_check": "true",
                            "subnet_id": "subnet-4746f469",
                            "tags.%": "1",
                            "tags.Name": "test-instance1",
                            "tenancy": "default",
                            "volume_tags.%": "0",
                            "vpc_security_group_ids.#": "1",
                            "vpc_security_group_ids.3480243275": "sg-770db33d"
                        },
                        "meta": {
                            "e2bfb730-ecaa-11e6-8f88-34363bc7c4c0": {
                                "create": 600000000000,
                                "delete": 1200000000000,
                                "update": 600000000000
                            },
                            "schema_version": "1"
                        },
                        "tainted": false
                    },
                    "deposed": [],
                    "provider": "provider.aws"
                }
            },
            "depends_on": []
        }
    ]
}
